// !$*UTF8*$!
{
	archiveVersion = 1;
	classes = {
	};
	objectVersion = 46;
	objects = {

/* Begin PBXBuildFile section */
		835318581D52293F005738CD /* RNBackgroundFetch.h in CopyFiles */ = {isa = PBXBuildFile; fileRef = 835318571D52293F005738CD /* RNBackgroundFetch.h */; };
		8353185A1D52293F005738CD /* RNBackgroundFetch.m in Sources */ = {isa = PBXBuildFile; fileRef = 835318591D52293F005738CD /* RNBackgroundFetch.m */; };
		835673F31D93313300BEE2FC /* TSBackgroundFetch.framework in Frameworks */ = {isa = PBXBuildFile; fileRef = 835673F21D93313300BEE2FC /* TSBackgroundFetch.framework */; };
/* End PBXBuildFile section */

/* Begin PBXCopyFilesBuildPhase section */
		835318521D52293F005738CD /* CopyFiles */ = {
			isa = PBXCopyFilesBuildPhase;
			buildActionMask = 2147483647;
			dstPath = "include/$(PRODUCT_NAME)";
			dstSubfolderSpec = 16;
			files = (
				835318581D52293F005738CD /* RNBackgroundFetch.h in CopyFiles */,
			);
			runOnlyForDeploymentPostprocessing = 0;
		};
/* End PBXCopyFilesBuildPhase section */

/* Begin PBXFileReference section */
		835318541D52293F005738CD /* libRNBackgroundFetch.a */ = {isa = PBXFileReference; explicitFileType = archive.ar; includeInIndex = 0; path = libRNBackgroundFetch.a; sourceTree = BUILT_PRODUCTS_DIR; };
		835318571D52293F005738CD /* RNBackgroundFetch.h */ = {isa = PBXFileReference; lastKnownFileType = sourcecode.c.h; path = RNBackgroundFetch.h; sourceTree = "<group>"; };
		835318591D52293F005738CD /* RNBackgroundFetch.m */ = {isa = PBXFileReference; lastKnownFileType = sourcecode.c.objc; path = RNBackgroundFetch.m; sourceTree = "<group>"; };
		835318601D522994005738CD /* RNBackgroundFetch+AppDelegate.m */ = {isa = PBXFileReference; fileEncoding = 4; lastKnownFileType = sourcecode.c.objc; path = "RNBackgroundFetch+AppDelegate.m"; sourceTree = "<group>"; };
		835673F21D93313300BEE2FC /* TSBackgroundFetch.framework */ = {isa = PBXFileReference; lastKnownFileType = wrapper.framework; name = TSBackgroundFetch.framework; path = RNBackgroundFetch/TSBackgroundFetch.framework; sourceTree = "<group>"; };
/* End PBXFileReference section */

/* Begin PBXFrameworksBuildPhase section */
		835318511D52293F005738CD /* Frameworks */ = {
			isa = PBXFrameworksBuildPhase;
			buildActionMask = 2147483647;
			files = (
				835673F31D93313300BEE2FC /* TSBackgroundFetch.framework in Frameworks */,
			);
			runOnlyForDeploymentPostprocessing = 0;
		};
/* End PBXFrameworksBuildPhase section */

/* Begin PBXGroup section */
		8353184B1D52293F005738CD = {
			isa = PBXGroup;
			children = (
				835318561D52293F005738CD /* RNBackgroundFetch */,
				835318551D52293F005738CD /* Products */,
				835673F11D93313300BEE2FC /* Frameworks */,
			);
			sourceTree = "<group>";
		};
		835318551D52293F005738CD /* Products */ = {
			isa = PBXGroup;
			children = (
				835318541D52293F005738CD /* libRNBackgroundFetch.a */,
			);
			name = Products;
			sourceTree = "<group>";
		};
		835318561D52293F005738CD /* RNBackgroundFetch */ = {
			isa = PBXGroup;
			children = (
				835318571D52293F005738CD /* RNBackgroundFetch.h */,
				835318591D52293F005738CD /* RNBackgroundFetch.m */,
				835318601D522994005738CD /* RNBackgroundFetch+AppDelegate.m */,
			);
			path = RNBackgroundFetch;
			sourceTree = "<group>";
		};
		835673F11D93313300BEE2FC /* Frameworks */ = {
			isa = PBXGroup;
			children = (
				835673F21D93313300BEE2FC /* TSBackgroundFetch.framework */,
			);
			name = Frameworks;
			sourceTree = "<group>";
		};
/* End PBXGroup section */

/* Begin PBXNativeTarget section */
		835318531D52293F005738CD /* RNBackgroundFetch */ = {
			isa = PBXNativeTarget;
			buildConfigurationList = 8353185D1D52293F005738CD /* Build configuration list for PBXNativeTarget "RNBackgroundFetch" */;
			buildPhases = (
				835318501D52293F005738CD /* Sources */,
				835318511D52293F005738CD /* Frameworks */,
				835318521D52293F005738CD /* CopyFiles */,
			);
			buildRules = (
			);
			dependencies = (
			);
			name = RNBackgroundFetch;
			productName = RNBackgroundFetch;
			productReference = 835318541D52293F005738CD /* libRNBackgroundFetch.a */;
			productType = "com.apple.product-type.library.static";
		};
/* End PBXNativeTarget section */

/* Begin PBXProject section */
		8353184C1D52293F005738CD /* Project object */ = {
			isa = PBXProject;
			attributes = {
				LastUpgradeCheck = 0920;
				ORGANIZATIONNAME = "Christopher Scott";
				TargetAttributes = {
					835318531D52293F005738CD = {
						CreatedOnToolsVersion = 7.3.1;
					};
				};
			};
			buildConfigurationList = 8353184F1D52293F005738CD /* Build configuration list for PBXProject "RNBackgroundFetch" */;
			compatibilityVersion = "Xcode 3.2";
			developmentRegion = English;
			hasScannedForEncodings = 0;
			knownRegions = (
				en,
			);
			mainGroup = 8353184B1D52293F005738CD;
			productRefGroup = 835318551D52293F005738CD /* Products */;
			projectDirPath = "";
			projectRoot = "";
			targets = (
				835318531D52293F005738CD /* RNBackgroundFetch */,
			);
		};
/* End PBXProject section */

/* Begin PBXSourcesBuildPhase section */
		835318501D52293F005738CD /* Sources */ = {
			isa = PBXSourcesBuildPhase;
			buildActionMask = 2147483647;
			files = (
				8353185A1D52293F005738CD /* RNBackgroundFetch.m in Sources */,
			);
			runOnlyForDeploymentPostprocessing = 0;
		};
/* End PBXSourcesBuildPhase section */

/* Begin XCBuildConfiguration section */
		8353185B1D52293F005738CD /* Debug */ = {
			isa = XCBuildConfiguration;
			buildSettings = {
				ALWAYS_SEARCH_USER_PATHS = NO;
				CLANG_ANALYZER_NONNULL = YES;
				CLANG_CXX_LANGUAGE_STANDARD = "gnu++0x";
				CLANG_CXX_LIBRARY = "libc++";
				CLANG_ENABLE_MODULES = YES;
				CLANG_ENABLE_OBJC_ARC = YES;
				CLANG_WARN_BLOCK_CAPTURE_AUTORELEASING = YES;
				CLANG_WARN_BOOL_CONVERSION = YES;
				CLANG_WARN_COMMA = YES;
				CLANG_WARN_CONSTANT_CONVERSION = YES;
				CLANG_WARN_DIRECT_OBJC_ISA_USAGE = YES_ERROR;
				CLANG_WARN_EMPTY_BODY = YES;
				CLANG_WARN_ENUM_CONVERSION = YES;
				CLANG_WARN_INFINITE_RECURSION = YES;
				CLANG_WARN_INT_CONVERSION = YES;
				CLANG_WARN_NON_LITERAL_NULL_CONVERSION = YES;
				CLANG_WARN_OBJC_LITERAL_CONVERSION = YES;
				CLANG_WARN_OBJC_ROOT_CLASS = YES_ERROR;
				CLANG_WARN_RANGE_LOOP_ANALYSIS = YES;
				CLANG_WARN_STRICT_PROTOTYPES = YES;
				CLANG_WARN_SUSPICIOUS_MOVE = YES;
				CLANG_WARN_UNREACHABLE_CODE = YES;
				CLANG_WARN__DUPLICATE_METHOD_MATCH = YES;
				"CODE_SIGN_IDENTITY[sdk=iphoneos*]" = "iPhone Developer";
				COPY_PHASE_STRIP = NO;
				DEBUG_INFORMATION_FORMAT = dwarf;
				ENABLE_STRICT_OBJC_MSGSEND = YES;
				ENABLE_TESTABILITY = YES;
				GCC_C_LANGUAGE_STANDARD = gnu99;
				GCC_DYNAMIC_NO_PIC = NO;
				GCC_NO_COMMON_BLOCKS = YES;
				GCC_OPTIMIZATION_LEVEL = 0;
				GCC_PREPROCESSOR_DEFINITIONS = (
					"DEBUG=1",
					"$(inherited)",
				);
				GCC_WARN_64_TO_32_BIT_CONVERSION = YES;
				GCC_WARN_ABOUT_RETURN_TYPE = YES_ERROR;
				GCC_WARN_UNDECLARED_SELECTOR = YES;
				GCC_WARN_UNINITIALIZED_AUTOS = YES_AGGRESSIVE;
				GCC_WARN_UNUSED_FUNCTION = YES;
				GCC_WARN_UNUSED_VARIABLE = YES;
				IPHONEOS_DEPLOYMENT_TARGET = 9.3;
				MTL_ENABLE_DEBUG_INFO = YES;
				ONLY_ACTIVE_ARCH = YES;
				SDKROOT = iphoneos;
			};
			name = Debug;
		};
		8353185C1D52293F005738CD /* Release */ = {
			isa = XCBuildConfiguration;
			buildSettings = {
				ALWAYS_SEARCH_USER_PATHS = NO;
				CLANG_ANALYZER_NONNULL = YES;
				CLANG_CXX_LANGUAGE_STANDARD = "gnu++0x";
				CLANG_CXX_LIBRARY = "libc++";
				CLANG_ENABLE_MODULES = YES;
				CLANG_ENABLE_OBJC_ARC = YES;
				CLANG_WARN_BLOCK_CAPTURE_AUTORELEASING = YES;
				CLANG_WARN_BOOL_CONVERSION = YES;
				CLANG_WARN_COMMA = YES;
				CLANG_WARN_CONSTANT_CONVERSION = YES;
				CLANG_WARN_DIRECT_OBJC_ISA_USAGE = YES_ERROR;
				CLANG_WARN_EMPTY_BODY = YES;
				CLANG_WARN_ENUM_CONVERSION = YES;
				CLANG_WARN_INFINITE_RECURSION = YES;
				CLANG_WARN_INT_CONVERSION = YES;
				CLANG_WARN_NON_LITERAL_NULL_CONVERSION = YES;
				CLANG_WARN_OBJC_LITERAL_CONVERSION = YES;
				CLANG_WARN_OBJC_ROOT_CLASS = YES_ERROR;
				CLANG_WARN_RANGE_LOOP_ANALYSIS = YES;
				CLANG_WARN_STRICT_PROTOTYPES = YES;
				CLANG_WARN_SUSPICIOUS_MOVE = YES;
				CLANG_WARN_UNREACHABLE_CODE = YES;
				CLANG_WARN__DUPLICATE_METHOD_MATCH = YES;
				"CODE_SIGN_IDENTITY[sdk=iphoneos*]" = "iPhone Developer";
				COPY_PHASE_STRIP = NO;
				DEBUG_INFORMATION_FORMAT = "dwarf-with-dsym";
				ENABLE_NS_ASSERTIONS = NO;
				ENABLE_STRICT_OBJC_MSGSEND = YES;
				GCC_C_LANGUAGE_STANDARD = gnu99;
				GCC_NO_COMMON_BLOCKS = YES;
				GCC_WARN_64_TO_32_BIT_CONVERSION = YES;
				GCC_WARN_ABOUT_RETURN_TYPE = YES_ERROR;
				GCC_WARN_UNDECLARED_SELECTOR = YES;
				GCC_WARN_UNINITIALIZED_AUTOS = YES_AGGRESSIVE;
				GCC_WARN_UNUSED_FUNCTION = YES;
				GCC_WARN_UNUSED_VARIABLE = YES;
				IPHONEOS_DEPLOYMENT_TARGET = 9.3;
				MTL_ENABLE_DEBUG_INFO = NO;
				SDKROOT = iphoneos;
				VALIDATE_PRODUCT = YES;
			};
			name = Release;
		};
		8353185E1D52293F005738CD /* Debug */ = {
			isa = XCBuildConfiguration;
			buildSettings = {
				FRAMEWORK_SEARCH_PATHS = (
					"$(inherited)",
					"$(PROJECT_DIR)",
					"$(PROJECT_DIR)/RNBackgroundFetch",
				);
				HEADER_SEARCH_PATHS = (
					"$(SRCROOT)/../../react-native/React/**",
					"$(SRCROOT)/../../../React",
					"$(SRCROOT)/../node_modules/react-native/React",
				);
				IPHONEOS_DEPLOYMENT_TARGET = 8.0;
				OTHER_LDFLAGS = "-ObjC";
				PRODUCT_NAME = "$(TARGET_NAME)";
				SKIP_INSTALL = YES;
				USER_HEADER_SEARCH_PATHS = "$(SRCROOT)/RNBackgroundFetch/TSBackgroundFetch.framework/**";
			};
			name = Debug;
		};
		8353185F1D52293F005738CD /* Release */ = {
			isa = XCBuildConfiguration;
			buildSettings = {
				FRAMEWORK_SEARCH_PATHS = (
					"$(inherited)",
					"$(PROJECT_DIR)",
					"$(PROJECT_DIR)/RNBackgroundFetch",
				);
				HEADER_SEARCH_PATHS = (
					"$(SRCROOT)/../../react-native/React/**",
					"$(SRCROOT)/../../../React",
					"$(SRCROOT)/../node_modules/react-native/React",
				);
				IPHONEOS_DEPLOYMENT_TARGET = 8.0;
				OTHER_LDFLAGS = "-ObjC";
				PRODUCT_NAME = "$(TARGET_NAME)";
				SKIP_INSTALL = YES;
				USER_HEADER_SEARCH_PATHS = "$(SRCROOT)/RNBackgroundFetch/TSBackgroundFetch.framework/**";
			};
			name = Release;
		};
/* End XCBuildConfiguration section */

/* Begin XCConfigurationList section */
		8353184F1D52293F005738CD /* Build configuration list for PBXProject "RNBackgroundFetch" */ = {
			isa = XCConfigurationList;
			buildConfigurations = (
				8353185B1D52293F005738CD /* Debug */,
				8353185C1D52293F005738CD /* Release */,
			);
			defaultConfigurationIsVisible = 0;
			defaultConfigurationName = Release;
		};
		8353185D1D52293F005738CD /* Build configuration list for PBXNativeTarget "RNBackgroundFetch" */ = {
			isa = XCConfigurationList;
			buildConfigurations = (
				8353185E1D52293F005738CD /* Debug */,
				8353185F1D52293F005738CD /* Release */,
			);
			defaultConfigurationIsVisible = 0;
			defaultConfigurationName = Release;
		};
/* End XCConfigurationList section */
	};
	rootObject = 8353184C1D52293F005738CD /* Project object */;
}
